
Microsoft Visual Studio Solution File, Format Version 12.00
# Visual Studio Version 16
VisualStudioVersion = 16.0.29519.181
MinimumVisualStudioVersion = 10.0.40219.1
Project("{FAE04EC0-301F-11D3-BF4B-00C04F79EFBC}") = "EntryPoint", "src\EntryPoint\EntryPoint.csproj", "{7125A491-E5E7-40BB-A27A-F90DCDE68EC4}"
EndProject
Project("{2150E333-8FDC-42A3-9474-1A3956D46DE8}") = "src", "src", "{23E49A2C-8052-478A-9561-7F4EE7F6D662}"
ProjectSection(SolutionItems) = preProject
	src\.gitignore = src\.gitignore
EndProjectSection
EndProject
Global
	GlobalSection(SolutionConfigurationPlatforms) = preSolution
		Debug|Any CPU = Debug|Any CPU
		Release|Any CPU = Release|Any CPU
	EndGlobalSection
	GlobalSection(ProjectConfigurationPlatforms) = postSolution
		{7125A491-E5E7-40BB-A27A-F90DCDE68EC4}.Debug|Any CPU.ActiveCfg = Debug|Any CPU
		{7125A491-E5E7-40BB-A27A-F90DCDE68EC4}.Debug|Any CPU.Build.0 = Debug|Any CPU
		{7125A491-E5E7-40BB-A27A-F90DCDE68EC4}.Release|Any CPU.ActiveCfg = Release|Any CPU
		{7125A491-E5E7-40BB-A27A-F90DCDE68EC4}.Release|Any CPU.Build.0 = Release|Any CPU
	EndGlobalSection
	GlobalSection(SolutionProperties) = preSolution
		HideSolutionNode = FALSE
	EndGlobalSection
	GlobalSection(NestedProjects) = preSolution
		{7125A491-E5E7-40BB-A27A-F90DCDE68EC4} = {23E49A2C-8052-478A-9561-7F4EE7F6D662}
	EndGlobalSection
	GlobalSection(ExtensibilityGlobals) = postSolution
		SolutionGuid = {0E15BFBE-4857-48F7-88E3-C51869BFC85D}
	EndGlobalSection
EndGlobal
